{
  "object": {
    "pins": [
      {
        "package": "Rainbow",
        "repositoryURL": "https://github.com/onevcat/Rainbow",
        "state": {
          "branch": null,
          "revision": "f407235c7e473c3cb2d2907bb6822616d22a0b78",
          "version": "3.0.3"
        }
      }
    ]
  },
  "version": 1
}
