{
  "object": {
    "pins": [
      {
        "package": "Rainbow",
        "repositoryURL": "https://github.com/onevcat/Rainbow",
        "state": {
          "branch": null,
          "revision": "4feb43cc5a12b4a6f13b3405283bde2e8916c4b7",
          "version": "2.0.1"
        }
      }
    ]
  },
  "version": 1
}
